
Microsoft Visual Studio Solution File, Format Version 12.00
# Visual Studio Version 17
VisualStudioVersion = 17.4.33122.133
MinimumVisualStudioVersion = 10.0.40219.1
Project("{FAE04EC0-301F-11D3-BF4B-00C04F79EFBC}") = "GenericsFindMaxNumDay10", "GenericsFindMaxNumDay10\GenericsFindMaxNumDay10.csproj", "{2AB9674C-F037-4DB4-93CF-945C27D33571}"
EndProject
Global
	GlobalSection(SolutionConfigurationPlatforms) = preSolution
		Debug|Any CPU = Debug|Any CPU
		Release|Any CPU = Release|Any CPU
	EndGlobalSection
	GlobalSection(ProjectConfigurationPlatforms) = postSolution
		{2AB9674C-F037-4DB4-93CF-945C27D33571}.Debug|Any CPU.ActiveCfg = Debug|Any CPU
		{2AB9674C-F037-4DB4-93CF-945C27D33571}.Debug|Any CPU.Build.0 = Debug|Any CPU
		{2AB9674C-F037-4DB4-93CF-945C27D33571}.Release|Any CPU.ActiveCfg = Release|Any CPU
		{2AB9674C-F037-4DB4-93CF-945C27D33571}.Release|Any CPU.Build.0 = Release|Any CPU
	EndGlobalSection
	GlobalSection(SolutionProperties) = preSolution
		HideSolutionNode = FALSE
	EndGlobalSection
	GlobalSection(ExtensibilityGlobals) = postSolution
		SolutionGuid = {143F3953-DCE1-4851-AFED-8003B1F72881}
	EndGlobalSection
EndGlobal
